{
  "nodes": {
    "altacv": {
      "flake": false,
      "locked": {
        "lastModified": 1667466830,
        "narHash": "sha256-jEPkvjcykUw4laNSW8vBIH4ZLU3vpMXjjV60zD4oAKs=",
        "owner": "liantze",
        "repo": "AltaCV",
        "rev": "483e6a60e218589cef65cab5e760e69f2718eacd",
        "type": "github"
      },
      "original": {
        "owner": "liantze",
        "repo": "AltaCV",
        "type": "github"
      }
    },
    "nixpkgs": {
      "locked": {
        "lastModified": 1672350804,
        "narHash": "sha256-jo6zkiCabUBn3ObuKXHGqqORUMH27gYDIFFfLq5P4wg=",
        "owner": "NixOS",
        "repo": "nixpkgs",
        "rev": "677ed08a50931e38382dbef01cba08a8f7eac8f6",
        "type": "github"
      },
      "original": {
        "owner": "NixOS",
        "ref": "nixos-unstable",
        "repo": "nixpkgs",
        "type": "github"
      }
    },
    "root": {
      "inputs": {
        "altacv": "altacv",
        "nixpkgs": "nixpkgs"
      }
    }
  },
  "root": "root",
  "version": 7
}
